
Microsoft Visual Studio Solution File, Format Version 12.00
# Visual Studio Version 17
VisualStudioVersion = 17.4.33213.308
MinimumVisualStudioVersion = 10.0.40219.1
Project("{FAE04EC0-301F-11D3-BF4B-00C04F79EFBC}") = "breadshop", "breadshop\breadshop.csproj", "{B1593D89-9F3A-406E-AF5C-14CE68EF8F87}"
EndProject
Global
	GlobalSection(SolutionConfigurationPlatforms) = preSolution
		Debug|Any CPU = Debug|Any CPU
		Release|Any CPU = Release|Any CPU
	EndGlobalSection
	GlobalSection(ProjectConfigurationPlatforms) = postSolution
		{B1593D89-9F3A-406E-AF5C-14CE68EF8F87}.Debug|Any CPU.ActiveCfg = Debug|Any CPU
		{B1593D89-9F3A-406E-AF5C-14CE68EF8F87}.Debug|Any CPU.Build.0 = Debug|Any CPU
		{B1593D89-9F3A-406E-AF5C-14CE68EF8F87}.Release|Any CPU.ActiveCfg = Release|Any CPU
		{B1593D89-9F3A-406E-AF5C-14CE68EF8F87}.Release|Any CPU.Build.0 = Release|Any CPU
	EndGlobalSection
	GlobalSection(SolutionProperties) = preSolution
		HideSolutionNode = FALSE
	EndGlobalSection
	GlobalSection(ExtensibilityGlobals) = postSolution
		SolutionGuid = {846C10DC-DC6A-4109-9F5F-705D4A879EA8}
	EndGlobalSection
EndGlobal
